// !$*UTF8*$!
{
	archiveVersion = 1;
	classes = {
	};
	objectVersion = 51;
	objects = {

/* Begin PBXBuildFile section */
		A03112CE260847ED00EB80A0 /* AppDelegate.swift in Sources */ = {isa = PBXBuildFile; fileRef = A03112CD260847ED00EB80A0 /* AppDelegate.swift */; };
		A03112D0260847ED00EB80A0 /* SceneDelegate.swift in Sources */ = {isa = PBXBuildFile; fileRef = A03112CF260847ED00EB80A0 /* SceneDelegate.swift */; };
		A03112D2260847ED00EB80A0 /* TosoListViewController.swift in Sources */ = {isa = PBXBuildFile; fileRef = A03112D1260847ED00EB80A0 /* TosoListViewController.swift */; };
		A03112D5260847ED00EB80A0 /* Main.storyboard in Resources */ = {isa = PBXBuildFile; fileRef = A03112D3260847ED00EB80A0 /* Main.storyboard */; };
		A03112D7260847EF00EB80A0 /* Assets.xcassets in Resources */ = {isa = PBXBuildFile; fileRef = A03112D6260847EF00EB80A0 /* Assets.xcassets */; };
		A03112DA260847EF00EB80A0 /* LaunchScreen.storyboard in Resources */ = {isa = PBXBuildFile; fileRef = A03112D8260847EF00EB80A0 /* LaunchScreen.storyboard */; };
		A0367DD9260B3F1C0095CFB5 /* Item.swift in Sources */ = {isa = PBXBuildFile; fileRef = A0367DD8260B3F1C0095CFB5 /* Item.swift */; };
		A0367DDC260B3F260095CFB5 /* Category.swift in Sources */ = {isa = PBXBuildFile; fileRef = A0367DDB260B3F260095CFB5 /* Category.swift */; };
		A04A4BFA260AE26E00948874 /* CategoryTableViewController.swift in Sources */ = {isa = PBXBuildFile; fileRef = A04A4BF9260AE26E00948874 /* CategoryTableViewController.swift */; };
		F95A52767E9EFB83B046691F /* Pods_To_Do_List_IOS14.framework in Frameworks */ = {isa = PBXBuildFile; fileRef = 84924CB915BD202C20C78143 /* Pods_To_Do_List_IOS14.framework */; };
/* End PBXBuildFile section */

/* Begin PBXFileReference section */
		84924CB915BD202C20C78143 /* Pods_To_Do_List_IOS14.framework */ = {isa = PBXFileReference; explicitFileType = wrapper.framework; includeInIndex = 0; path = Pods_To_Do_List_IOS14.framework; sourceTree = BUILT_PRODUCTS_DIR; };
		8EBC7045753E6C362E27642B /* Pods-To-Do-List-IOS14.release.xcconfig */ = {isa = PBXFileReference; includeInIndex = 1; lastKnownFileType = text.xcconfig; name = "Pods-To-Do-List-IOS14.release.xcconfig"; path = "Target Support Files/Pods-To-Do-List-IOS14/Pods-To-Do-List-IOS14.release.xcconfig"; sourceTree = "<group>"; };
		A03112CA260847ED00EB80A0 /* To-Do-List-IOS14.app */ = {isa = PBXFileReference; explicitFileType = wrapper.application; includeInIndex = 0; path = "To-Do-List-IOS14.app"; sourceTree = BUILT_PRODUCTS_DIR; };
		A03112CD260847ED00EB80A0 /* AppDelegate.swift */ = {isa = PBXFileReference; lastKnownFileType = sourcecode.swift; path = AppDelegate.swift; sourceTree = "<group>"; };
		A03112CF260847ED00EB80A0 /* SceneDelegate.swift */ = {isa = PBXFileReference; lastKnownFileType = sourcecode.swift; path = SceneDelegate.swift; sourceTree = "<group>"; };
		A03112D1260847ED00EB80A0 /* TosoListViewController.swift */ = {isa = PBXFileReference; lastKnownFileType = sourcecode.swift; path = TosoListViewController.swift; sourceTree = "<group>"; };
		A03112D4260847ED00EB80A0 /* Base */ = {isa = PBXFileReference; lastKnownFileType = file.storyboard; name = Base; path = Base.lproj/Main.storyboard; sourceTree = "<group>"; };
		A03112D6260847EF00EB80A0 /* Assets.xcassets */ = {isa = PBXFileReference; lastKnownFileType = folder.assetcatalog; path = Assets.xcassets; sourceTree = "<group>"; };
		A03112D9260847EF00EB80A0 /* Base */ = {isa = PBXFileReference; lastKnownFileType = file.storyboard; name = Base; path = Base.lproj/LaunchScreen.storyboard; sourceTree = "<group>"; };
		A03112DB260847EF00EB80A0 /* Info.plist */ = {isa = PBXFileReference; lastKnownFileType = text.plist.xml; path = Info.plist; sourceTree = "<group>"; };
		A0367DD8260B3F1C0095CFB5 /* Item.swift */ = {isa = PBXFileReference; lastKnownFileType = sourcecode.swift; path = Item.swift; sourceTree = "<group>"; };
		A0367DDB260B3F260095CFB5 /* Category.swift */ = {isa = PBXFileReference; lastKnownFileType = sourcecode.swift; path = Category.swift; sourceTree = "<group>"; };
		A04A4BF9260AE26E00948874 /* CategoryTableViewController.swift */ = {isa = PBXFileReference; lastKnownFileType = sourcecode.swift; path = CategoryTableViewController.swift; sourceTree = "<group>"; };
		EFF9344719F130387F582D9D /* Pods-To-Do-List-IOS14.debug.xcconfig */ = {isa = PBXFileReference; includeInIndex = 1; lastKnownFileType = text.xcconfig; name = "Pods-To-Do-List-IOS14.debug.xcconfig"; path = "Target Support Files/Pods-To-Do-List-IOS14/Pods-To-Do-List-IOS14.debug.xcconfig"; sourceTree = "<group>"; };
/* End PBXFileReference section */

/* Begin PBXFrameworksBuildPhase section */
		A03112C7260847ED00EB80A0 /* Frameworks */ = {
			isa = PBXFrameworksBuildPhase;
			buildActionMask = 2147483647;
			files = (
				F95A52767E9EFB83B046691F /* Pods_To_Do_List_IOS14.framework in Frameworks */,
			);
			runOnlyForDeploymentPostprocessing = 0;
		};
/* End PBXFrameworksBuildPhase section */

/* Begin PBXGroup section */
		48D5E020B501A67F4D85235B /* Pods */ = {
			isa = PBXGroup;
			children = (
				EFF9344719F130387F582D9D /* Pods-To-Do-List-IOS14.debug.xcconfig */,
				8EBC7045753E6C362E27642B /* Pods-To-Do-List-IOS14.release.xcconfig */,
			);
			path = Pods;
			sourceTree = "<group>";
		};
		A03112C1260847ED00EB80A0 = {
			isa = PBXGroup;
			children = (
				A03112CC260847ED00EB80A0 /* To-Do-List-IOS14 */,
				A03112CB260847ED00EB80A0 /* Products */,
				48D5E020B501A67F4D85235B /* Pods */,
				B0DE18D957BDA107FEA9FF3F /* Frameworks */,
			);
			sourceTree = "<group>";
		};
		A03112CB260847ED00EB80A0 /* Products */ = {
			isa = PBXGroup;
			children = (
				A03112CA260847ED00EB80A0 /* To-Do-List-IOS14.app */,
			);
			name = Products;
			sourceTree = "<group>";
		};
		A03112CC260847ED00EB80A0 /* To-Do-List-IOS14 */ = {
			isa = PBXGroup;
			children = (
				A03112CD260847ED00EB80A0 /* AppDelegate.swift */,
				A03112CF260847ED00EB80A0 /* SceneDelegate.swift */,
				A05E94EF2609A33F00EBC408 /* Controller */,
				A05E94EC2609A30900EBC408 /* Model */,
				A05E94EE2609A33200EBC408 /* View */,
				A05E94F12609A36700EBC408 /* Supporting Files */,
				A03112DB260847EF00EB80A0 /* Info.plist */,
			);
			path = "To-Do-List-IOS14";
			sourceTree = "<group>";
		};
		A05E94EC2609A30900EBC408 /* Model */ = {
			isa = PBXGroup;
			children = (
				A0367DDB260B3F260095CFB5 /* Category.swift */,
				A0367DD8260B3F1C0095CFB5 /* Item.swift */,
			);
			path = Model;
			sourceTree = "<group>";
		};
		A05E94EE2609A33200EBC408 /* View */ = {
			isa = PBXGroup;
			children = (
				A03112D3260847ED00EB80A0 /* Main.storyboard */,
			);
			path = View;
			sourceTree = "<group>";
		};
		A05E94EF2609A33F00EBC408 /* Controller */ = {
			isa = PBXGroup;
			children = (
				A04A4BF9260AE26E00948874 /* CategoryTableViewController.swift */,
				A03112D1260847ED00EB80A0 /* TosoListViewController.swift */,
			);
			path = Controller;
			sourceTree = "<group>";
		};
		A05E94F12609A36700EBC408 /* Supporting Files */ = {
			isa = PBXGroup;
			children = (
				A03112D6260847EF00EB80A0 /* Assets.xcassets */,
				A03112D8260847EF00EB80A0 /* LaunchScreen.storyboard */,
			);
			path = "Supporting Files";
			sourceTree = "<group>";
		};
		B0DE18D957BDA107FEA9FF3F /* Frameworks */ = {
			isa = PBXGroup;
			children = (
				84924CB915BD202C20C78143 /* Pods_To_Do_List_IOS14.framework */,
			);
			name = Frameworks;
			sourceTree = "<group>";
		};
/* End PBXGroup section */

/* Begin PBXNativeTarget section */
		A03112C9260847ED00EB80A0 /* To-Do-List-IOS14 */ = {
			isa = PBXNativeTarget;
			buildConfigurationList = A03112DE260847EF00EB80A0 /* Build configuration list for PBXNativeTarget "To-Do-List-IOS14" */;
			buildPhases = (
				873908516F9AC3E1B1D66DE0 /* [CP] Check Pods Manifest.lock */,
				A03112C6260847ED00EB80A0 /* Sources */,
				A03112C7260847ED00EB80A0 /* Frameworks */,
				A03112C8260847ED00EB80A0 /* Resources */,
				4B5BE7E099D76AE6FC395C5D /* [CP] Embed Pods Frameworks */,
			);
			buildRules = (
			);
			dependencies = (
			);
			name = "To-Do-List-IOS14";
			productName = "To-Do-List-IOS14";
			productReference = A03112CA260847ED00EB80A0 /* To-Do-List-IOS14.app */;
			productType = "com.apple.product-type.application";
		};
/* End PBXNativeTarget section */

/* Begin PBXProject section */
		A03112C2260847ED00EB80A0 /* Project object */ = {
			isa = PBXProject;
			attributes = {
				LastSwiftUpdateCheck = 1240;
				LastUpgradeCheck = 1240;
				TargetAttributes = {
					A03112C9260847ED00EB80A0 = {
						CreatedOnToolsVersion = 12.4;
					};
				};
			};
			buildConfigurationList = A03112C5260847ED00EB80A0 /* Build configuration list for PBXProject "To-Do-List-IOS14" */;
			compatibilityVersion = "Xcode 9.3";
			developmentRegion = en;
			hasScannedForEncodings = 0;
			knownRegions = (
				en,
				Base,
			);
			mainGroup = A03112C1260847ED00EB80A0;
			productRefGroup = A03112CB260847ED00EB80A0 /* Products */;
			projectDirPath = "";
			projectRoot = "";
			targets = (
				A03112C9260847ED00EB80A0 /* To-Do-List-IOS14 */,
			);
		};
/* End PBXProject section */

/* Begin PBXResourcesBuildPhase section */
		A03112C8260847ED00EB80A0 /* Resources */ = {
			isa = PBXResourcesBuildPhase;
			buildActionMask = 2147483647;
			files = (
				A03112DA260847EF00EB80A0 /* LaunchScreen.storyboard in Resources */,
				A03112D7260847EF00EB80A0 /* Assets.xcassets in Resources */,
				A03112D5260847ED00EB80A0 /* Main.storyboard in Resources */,
			);
			runOnlyForDeploymentPostprocessing = 0;
		};
/* End PBXResourcesBuildPhase section */

/* Begin PBXShellScriptBuildPhase section */
		4B5BE7E099D76AE6FC395C5D /* [CP] Embed Pods Frameworks */ = {
			isa = PBXShellScriptBuildPhase;
			buildActionMask = 2147483647;
			files = (
			);
			inputFileListPaths = (
				"${PODS_ROOT}/Target Support Files/Pods-To-Do-List-IOS14/Pods-To-Do-List-IOS14-frameworks-${CONFIGURATION}-input-files.xcfilelist",
			);
			name = "[CP] Embed Pods Frameworks";
			outputFileListPaths = (
				"${PODS_ROOT}/Target Support Files/Pods-To-Do-List-IOS14/Pods-To-Do-List-IOS14-frameworks-${CONFIGURATION}-output-files.xcfilelist",
			);
			runOnlyForDeploymentPostprocessing = 0;
			shellPath = /bin/sh;
			shellScript = "\"${PODS_ROOT}/Target Support Files/Pods-To-Do-List-IOS14/Pods-To-Do-List-IOS14-frameworks.sh\"\n";
			showEnvVarsInLog = 0;
		};
		873908516F9AC3E1B1D66DE0 /* [CP] Check Pods Manifest.lock */ = {
			isa = PBXShellScriptBuildPhase;
			buildActionMask = 2147483647;
			files = (
			);
			inputFileListPaths = (
			);
			inputPaths = (
				"${PODS_PODFILE_DIR_PATH}/Podfile.lock",
				"${PODS_ROOT}/Manifest.lock",
			);
			name = "[CP] Check Pods Manifest.lock";
			outputFileListPaths = (
			);
			outputPaths = (
				"$(DERIVED_FILE_DIR)/Pods-To-Do-List-IOS14-checkManifestLockResult.txt",
			);
			runOnlyForDeploymentPostprocessing = 0;
			shellPath = /bin/sh;
			shellScript = "diff \"${PODS_PODFILE_DIR_PATH}/Podfile.lock\" \"${PODS_ROOT}/Manifest.lock\" > /dev/null\nif [ $? != 0 ] ; then\n    # print error to STDERR\n    echo \"error: The sandbox is not in sync with the Podfile.lock. Run 'pod install' or update your CocoaPods installation.\" >&2\n    exit 1\nfi\n# This output is used by Xcode 'outputs' to avoid re-running this script phase.\necho \"SUCCESS\" > \"${SCRIPT_OUTPUT_FILE_0}\"\n";
			showEnvVarsInLog = 0;
		};
/* End PBXShellScriptBuildPhase section */

/* Begin PBXSourcesBuildPhase section */
		A03112C6260847ED00EB80A0 /* Sources */ = {
			isa = PBXSourcesBuildPhase;
			buildActionMask = 2147483647;
			files = (
				A03112D2260847ED00EB80A0 /* TosoListViewController.swift in Sources */,
				A04A4BFA260AE26E00948874 /* CategoryTableViewController.swift in Sources */,
				A03112CE260847ED00EB80A0 /* AppDelegate.swift in Sources */,
				A0367DD9260B3F1C0095CFB5 /* Item.swift in Sources */,
				A03112D0260847ED00EB80A0 /* SceneDelegate.swift in Sources */,
				A0367DDC260B3F260095CFB5 /* Category.swift in Sources */,
			);
			runOnlyForDeploymentPostprocessing = 0;
		};
/* End PBXSourcesBuildPhase section */

/* Begin PBXVariantGroup section */
		A03112D3260847ED00EB80A0 /* Main.storyboard */ = {
			isa = PBXVariantGroup;
			children = (
				A03112D4260847ED00EB80A0 /* Base */,
			);
			name = Main.storyboard;
			sourceTree = "<group>";
		};
		A03112D8260847EF00EB80A0 /* LaunchScreen.storyboard */ = {
			isa = PBXVariantGroup;
			children = (
				A03112D9260847EF00EB80A0 /* Base */,
			);
			name = LaunchScreen.storyboard;
			sourceTree = "<group>";
		};
/* End PBXVariantGroup section */

/* Begin XCBuildConfiguration section */
		A03112DC260847EF00EB80A0 /* Debug */ = {
			isa = XCBuildConfiguration;
			buildSettings = {
				ALWAYS_SEARCH_USER_PATHS = NO;
				CLANG_ANALYZER_NONNULL = YES;
				CLANG_ANALYZER_NUMBER_OBJECT_CONVERSION = YES_AGGRESSIVE;
				CLANG_CXX_LANGUAGE_STANDARD = "gnu++14";
				CLANG_CXX_LIBRARY = "libc++";
				CLANG_ENABLE_MODULES = YES;
				CLANG_ENABLE_OBJC_ARC = YES;
				CLANG_ENABLE_OBJC_WEAK = YES;
				CLANG_WARN_BLOCK_CAPTURE_AUTORELEASING = YES;
				CLANG_WARN_BOOL_CONVERSION = YES;
				CLANG_WARN_COMMA = YES;
				CLANG_WARN_CONSTANT_CONVERSION = YES;
				CLANG_WARN_DEPRECATED_OBJC_IMPLEMENTATIONS = YES;
				CLANG_WARN_DIRECT_OBJC_ISA_USAGE = YES_ERROR;
				CLANG_WARN_DOCUMENTATION_COMMENTS = YES;
				CLANG_WARN_EMPTY_BODY = YES;
				CLANG_WARN_ENUM_CONVERSION = YES;
				CLANG_WARN_INFINITE_RECURSION = YES;
				CLANG_WARN_INT_CONVERSION = YES;
				CLANG_WARN_NON_LITERAL_NULL_CONVERSION = YES;
				CLANG_WARN_OBJC_IMPLICIT_RETAIN_SELF = YES;
				CLANG_WARN_OBJC_LITERAL_CONVERSION = YES;
				CLANG_WARN_OBJC_ROOT_CLASS = YES_ERROR;
				CLANG_WARN_QUOTED_INCLUDE_IN_FRAMEWORK_HEADER = YES;
				CLANG_WARN_RANGE_LOOP_ANALYSIS = YES;
				CLANG_WARN_STRICT_PROTOTYPES = YES;
				CLANG_WARN_SUSPICIOUS_MOVE = YES;
				CLANG_WARN_UNGUARDED_AVAILABILITY = YES_AGGRESSIVE;
				CLANG_WARN_UNREACHABLE_CODE = YES;
				CLANG_WARN__DUPLICATE_METHOD_MATCH = YES;
				COPY_PHASE_STRIP = NO;
				DEBUG_INFORMATION_FORMAT = dwarf;
				ENABLE_STRICT_OBJC_MSGSEND = YES;
				ENABLE_TESTABILITY = YES;
				GCC_C_LANGUAGE_STANDARD = gnu11;
				GCC_DYNAMIC_NO_PIC = NO;
				GCC_NO_COMMON_BLOCKS = YES;
				GCC_OPTIMIZATION_LEVEL = 0;
				GCC_PREPROCESSOR_DEFINITIONS = (
					"DEBUG=1",
					"$(inherited)",
				);
				GCC_WARN_64_TO_32_BIT_CONVERSION = YES;
				GCC_WARN_ABOUT_RETURN_TYPE = YES_ERROR;
				GCC_WARN_UNDECLARED_SELECTOR = YES;
				GCC_WARN_UNINITIALIZED_AUTOS = YES_AGGRESSIVE;
				GCC_WARN_UNUSED_FUNCTION = YES;
				GCC_WARN_UNUSED_VARIABLE = YES;
				IPHONEOS_DEPLOYMENT_TARGET = 14.4;
				MTL_ENABLE_DEBUG_INFO = INCLUDE_SOURCE;
				MTL_FAST_MATH = YES;
				ONLY_ACTIVE_ARCH = YES;
				SDKROOT = iphoneos;
				SWIFT_ACTIVE_COMPILATION_CONDITIONS = DEBUG;
				SWIFT_OPTIMIZATION_LEVEL = "-Onone";
			};
			name = Debug;
		};
		A03112DD260847EF00EB80A0 /* Release */ = {
			isa = XCBuildConfiguration;
			buildSettings = {
				ALWAYS_SEARCH_USER_PATHS = NO;
				CLANG_ANALYZER_NONNULL = YES;
				CLANG_ANALYZER_NUMBER_OBJECT_CONVERSION = YES_AGGRESSIVE;
				CLANG_CXX_LANGUAGE_STANDARD = "gnu++14";
				CLANG_CXX_LIBRARY = "libc++";
				CLANG_ENABLE_MODULES = YES;
				CLANG_ENABLE_OBJC_ARC = YES;
				CLANG_ENABLE_OBJC_WEAK = YES;
				CLANG_WARN_BLOCK_CAPTURE_AUTORELEASING = YES;
				CLANG_WARN_BOOL_CONVERSION = YES;
				CLANG_WARN_COMMA = YES;
				CLANG_WARN_CONSTANT_CONVERSION = YES;
				CLANG_WARN_DEPRECATED_OBJC_IMPLEMENTATIONS = YES;
				CLANG_WARN_DIRECT_OBJC_ISA_USAGE = YES_ERROR;
				CLANG_WARN_DOCUMENTATION_COMMENTS = YES;
				CLANG_WARN_EMPTY_BODY = YES;
				CLANG_WARN_ENUM_CONVERSION = YES;
				CLANG_WARN_INFINITE_RECURSION = YES;
				CLANG_WARN_INT_CONVERSION = YES;
				CLANG_WARN_NON_LITERAL_NULL_CONVERSION = YES;
				CLANG_WARN_OBJC_IMPLICIT_RETAIN_SELF = YES;
				CLANG_WARN_OBJC_LITERAL_CONVERSION = YES;
				CLANG_WARN_OBJC_ROOT_CLASS = YES_ERROR;
				CLANG_WARN_QUOTED_INCLUDE_IN_FRAMEWORK_HEADER = YES;
				CLANG_WARN_RANGE_LOOP_ANALYSIS = YES;
				CLANG_WARN_STRICT_PROTOTYPES = YES;
				CLANG_WARN_SUSPICIOUS_MOVE = YES;
				CLANG_WARN_UNGUARDED_AVAILABILITY = YES_AGGRESSIVE;
				CLANG_WARN_UNREACHABLE_CODE = YES;
				CLANG_WARN__DUPLICATE_METHOD_MATCH = YES;
				COPY_PHASE_STRIP = NO;
				DEBUG_INFORMATION_FORMAT = "dwarf-with-dsym";
				ENABLE_NS_ASSERTIONS = NO;
				ENABLE_STRICT_OBJC_MSGSEND = YES;
				GCC_C_LANGUAGE_STANDARD = gnu11;
				GCC_NO_COMMON_BLOCKS = YES;
				GCC_WARN_64_TO_32_BIT_CONVERSION = YES;
				GCC_WARN_ABOUT_RETURN_TYPE = YES_ERROR;
				GCC_WARN_UNDECLARED_SELECTOR = YES;
				GCC_WARN_UNINITIALIZED_AUTOS = YES_AGGRESSIVE;
				GCC_WARN_UNUSED_FUNCTION = YES;
				GCC_WARN_UNUSED_VARIABLE = YES;
				IPHONEOS_DEPLOYMENT_TARGET = 14.4;
				MTL_ENABLE_DEBUG_INFO = NO;
				MTL_FAST_MATH = YES;
				SDKROOT = iphoneos;
				SWIFT_COMPILATION_MODE = wholemodule;
				SWIFT_OPTIMIZATION_LEVEL = "-O";
				VALIDATE_PRODUCT = YES;
			};
			name = Release;
		};
		A03112DF260847EF00EB80A0 /* Debug */ = {
			isa = XCBuildConfiguration;
			baseConfigurationReference = EFF9344719F130387F582D9D /* Pods-To-Do-List-IOS14.debug.xcconfig */;
			buildSettings = {
				ASSETCATALOG_COMPILER_APPICON_NAME = AppIcon;
				ASSETCATALOG_COMPILER_GLOBAL_ACCENT_COLOR_NAME = AccentColor;
				CODE_SIGN_STYLE = Automatic;
				DEVELOPMENT_TEAM = 797QRCMZV7;
				INFOPLIST_FILE = "To-Do-List-IOS14/Info.plist";
				LD_RUNPATH_SEARCH_PATHS = (
					"$(inherited)",
					"@executable_path/Frameworks",
				);
				PRODUCT_BUNDLE_IDENTIFIER = "com.appfromape.To-Do-List-IOS14";
				PRODUCT_NAME = "$(TARGET_NAME)";
				SWIFT_VERSION = 5.0;
				TARGETED_DEVICE_FAMILY = "1,2";
			};
			name = Debug;
		};
		A03112E0260847EF00EB80A0 /* Release */ = {
			isa = XCBuildConfiguration;
			baseConfigurationReference = 8EBC7045753E6C362E27642B /* Pods-To-Do-List-IOS14.release.xcconfig */;
			buildSettings = {
				ASSETCATALOG_COMPILER_APPICON_NAME = AppIcon;
				ASSETCATALOG_COMPILER_GLOBAL_ACCENT_COLOR_NAME = AccentColor;
				CODE_SIGN_STYLE = Automatic;
				DEVELOPMENT_TEAM = 797QRCMZV7;
				INFOPLIST_FILE = "To-Do-List-IOS14/Info.plist";
				LD_RUNPATH_SEARCH_PATHS = (
					"$(inherited)",
					"@executable_path/Frameworks",
				);
				PRODUCT_BUNDLE_IDENTIFIER = "com.appfromape.To-Do-List-IOS14";
				PRODUCT_NAME = "$(TARGET_NAME)";
				SWIFT_VERSION = 5.0;
				TARGETED_DEVICE_FAMILY = "1,2";
			};
			name = Release;
		};
/* End XCBuildConfiguration section */

/* Begin XCConfigurationList section */
		A03112C5260847ED00EB80A0 /* Build configuration list for PBXProject "To-Do-List-IOS14" */ = {
			isa = XCConfigurationList;
			buildConfigurations = (
				A03112DC260847EF00EB80A0 /* Debug */,
				A03112DD260847EF00EB80A0 /* Release */,
			);
			defaultConfigurationIsVisible = 0;
			defaultConfigurationName = Release;
		};
		A03112DE260847EF00EB80A0 /* Build configuration list for PBXNativeTarget "To-Do-List-IOS14" */ = {
			isa = XCConfigurationList;
			buildConfigurations = (
				A03112DF260847EF00EB80A0 /* Debug */,
				A03112E0260847EF00EB80A0 /* Release */,
			);
			defaultConfigurationIsVisible = 0;
			defaultConfigurationName = Release;
		};
/* End XCConfigurationList section */
	};
	rootObject = A03112C2260847ED00EB80A0 /* Project object */;
}
